Microsoft Visual Studio Solution File, Format Version 11.00
# Visual Studio 2008

Project("{18F95C68-C7D4-0CC7-00AE-2E73623A4C79}") = "PopulationTest", "Assembly-CSharp-firstpass-vs.csproj", "{3003A59F-7BD8-B994-BB4E-44C0EF3CEBE8}"
EndProject
Project("{18F95C68-C7D4-0CC7-00AE-2E73623A4C79}") = "PopulationTest", "Assembly-CSharp-vs.csproj", "{12743179-AAFE-B7C5-996F-797F0CE7B5F6}"
EndProject
Global
	GlobalSection(SolutionConfigurationPlatforms) = preSolution
		Debug|Any CPU = Debug|Any CPU
		Release|Any CPU = Release|Any CPU
	EndGlobalSection
	GlobalSection(ProjectConfigurationPlatforms) = postSolution
		{3003A59F-7BD8-B994-BB4E-44C0EF3CEBE8}.Debug|Any CPU.ActiveCfg = Debug|Any CPU
		{3003A59F-7BD8-B994-BB4E-44C0EF3CEBE8}.Debug|Any CPU.Build.0 = Debug|Any CPU
		{3003A59F-7BD8-B994-BB4E-44C0EF3CEBE8}.Release|Any CPU.ActiveCfg = Release|Any CPU
		{3003A59F-7BD8-B994-BB4E-44C0EF3CEBE8}.Release|Any CPU.Build.0 = Release|Any CPU
		{12743179-AAFE-B7C5-996F-797F0CE7B5F6}.Debug|Any CPU.ActiveCfg = Debug|Any CPU
		{12743179-AAFE-B7C5-996F-797F0CE7B5F6}.Debug|Any CPU.Build.0 = Debug|Any CPU
		{12743179-AAFE-B7C5-996F-797F0CE7B5F6}.Release|Any CPU.ActiveCfg = Release|Any CPU
		{12743179-AAFE-B7C5-996F-797F0CE7B5F6}.Release|Any CPU.Build.0 = Release|Any CPU
	EndGlobalSection
	GlobalSection(SolutionProperties) = preSolution
		HideSolutionNode = FALSE
	EndGlobalSection
																													GlobalSection(MonoDevelopProperties) = preSolution
		StartupItem = Assembly-CSharp.csproj
		Policies = $0
		$0.TextStylePolicy = $1
		$1.inheritsSet = null
		$1.scope = text/x-csharp
		$0.CSharpFormattingPolicy = $2
		$2.inheritsSet = Mono
		$2.inheritsScope = text/x-csharp
		$2.scope = text/x-csharp
		$0.TextStylePolicy = $3
		$3.FileWidth = 120
		$3.TabWidth = 4
		$3.EolMarker = Unix
		$3.inheritsSet = Mono
		$3.inheritsScope = text/plain
		$3.scope = text/plain
	EndGlobalSection

EndGlobal
